
Microsoft Visual Studio Solution File, Format Version 12.00
# Visual Studio 14
VisualStudioVersion = 14.0.25420.1
MinimumVisualStudioVersion = 10.0.40219.1
Project("{FAE04EC0-301F-11D3-BF4B-00C04F79EFBC}") = "Sample.WebApp", "Sample.WebApp\Sample.WebApp.csproj", "{9DA36DCC-1006-42BE-8E56-016BD0D7CCD9}"
EndProject
Project("{FAE04EC0-301F-11D3-BF4B-00C04F79EFBC}") = "Sample.ConsoleApp", "Sample.ConsoleApp\Sample.ConsoleApp.csproj", "{77368AC2-07C1-4EB9-9575-327823B2240F}"
EndProject
Project("{FAE04EC0-301F-11D3-BF4B-00C04F79EFBC}") = "Sample.WebAppWithSpec", "Sample.WebAppWithSpec\Sample.WebAppWithSpec.csproj", "{F395D6E7-5CDD-413D-844A-87F819207FD5}"
EndProject
Project("{2150E333-8FDC-42A3-9474-1A3956D46DE8}") = ".nuget", ".nuget", "{1B9F6873-90F0-4AE6-A11E-422BFBCBE144}"
	ProjectSection(SolutionItems) = preProject
		.nuget\NuGet.Config = .nuget\NuGet.Config
		.nuget\NuGet.exe = .nuget\NuGet.exe
		.nuget\NuGet.targets = .nuget\NuGet.targets
	EndProjectSection
EndProject
Project("{FAE04EC0-301F-11D3-BF4B-00C04F79EFBC}") = "Sample.WebAppWithSpecAndCustomContent", "Sample.WebAppWithSpecAndCustomContent\Sample.WebAppWithSpecAndCustomContent.csproj", "{8551AC41-52CA-426D-B5DD-BADA44212EAE}"
EndProject
Project("{FAE04EC0-301F-11D3-BF4B-00C04F79EFBC}") = "Sample.WebAppWithSpecAndCustomContentEnforced", "Sample.WebAppWithSpecAndCustomContentEnforced\Sample.WebAppWithSpecAndCustomContentEnforced.csproj", "{5FCA1B8C-99FD-40F5-A82C-F01EBD35D7BB}"
EndProject
Project("{FAE04EC0-301F-11D3-BF4B-00C04F79EFBC}") = "Sample.TypeScriptApp", "Sample.TypeScriptApp\Sample.TypeScriptApp.csproj", "{CE60F085-7B59-44FA-8F4F-741F6F8A5A55}"
EndProject
Project("{FAE04EC0-301F-11D3-BF4B-00C04F79EFBC}") = "Sample.ConsoleApp2", "Sample.ConsoleApp2\Sample.ConsoleApp2.csproj", "{BD80FB1D-1C64-442C-88E6-63782B00089A}"
EndProject
Project("{FAE04EC0-301F-11D3-BF4B-00C04F79EFBC}") = "Sample.ConsoleWithRelativeOutDir", "Sample.ConsoleWithRelativeOutDir\Sample.ConsoleWithRelativeOutDir.csproj", "{701E8A49-0FAE-49B3-AC20-9152A31BC3AD}"
EndProject
Project("{FAE04EC0-301F-11D3-BF4B-00C04F79EFBC}") = "Sample.WebAppWithLinkedWebConfig", "Sample.WebAppWIthLinkedWebConfig\Sample.WebAppWithLinkedWebConfig.csproj", "{DD1C6130-F828-4F88-8DA6-7719EA24022E}"
EndProject
Project("{FAE04EC0-301F-11D3-BF4B-00C04F79EFBC}") = "Sample.WebAppWithLinkedWebConfigInSubfolder", "Sample.WebAppWithLinkedWebConfigInSubfolder\Sample.WebAppWithLinkedWebConfigInSubfolder.csproj", "{9B052925-A182-4ABA-8839-B38C442B600F}"
EndProject
Project("{FAE04EC0-301F-11D3-BF4B-00C04F79EFBC}") = "Sample.ConsoleAppWithGitVersion", "Sample.ConsoleAppWithGitVersion\Sample.ConsoleAppWithGitVersion.csproj", "{6C0A7990-22B3-4D9E-B4F5-10ED2D73B734}"
EndProject
Project("{FAE04EC0-301F-11D3-BF4B-00C04F79EFBC}") = "Sample.WebAppWithMissingSourceFile", "Sample.WebAppWithMissingSourceFile\Sample.WebAppWithMissingSourceFile.csproj", "{BA40F2EC-A621-40A4-B572-A87B6EF53499}"
EndProject
Project("{FAE04EC0-301F-11D3-BF4B-00C04F79EFBC}") = "Sample.ConsoleAppWithNamespacedGitVersion", "Sample.ConsoleAppWithNamespacedGitVersion\Sample.ConsoleAppWithNamespacedGitVersion.csproj", "{30F73798-33D8-4506-9FCC-244E4BA298CA}"
EndProject
Global
	GlobalSection(SolutionConfigurationPlatforms) = preSolution
		Debug|Any CPU = Debug|Any CPU
		Release|Any CPU = Release|Any CPU
	EndGlobalSection
	GlobalSection(ProjectConfigurationPlatforms) = postSolution
		{9DA36DCC-1006-42BE-8E56-016BD0D7CCD9}.Debug|Any CPU.ActiveCfg = Debug|Any CPU
		{9DA36DCC-1006-42BE-8E56-016BD0D7CCD9}.Debug|Any CPU.Build.0 = Debug|Any CPU
		{9DA36DCC-1006-42BE-8E56-016BD0D7CCD9}.Release|Any CPU.ActiveCfg = Release|Any CPU
		{9DA36DCC-1006-42BE-8E56-016BD0D7CCD9}.Release|Any CPU.Build.0 = Release|Any CPU
		{77368AC2-07C1-4EB9-9575-327823B2240F}.Debug|Any CPU.ActiveCfg = Debug|Any CPU
		{77368AC2-07C1-4EB9-9575-327823B2240F}.Debug|Any CPU.Build.0 = Debug|Any CPU
		{77368AC2-07C1-4EB9-9575-327823B2240F}.Release|Any CPU.ActiveCfg = Release|Any CPU
		{77368AC2-07C1-4EB9-9575-327823B2240F}.Release|Any CPU.Build.0 = Release|Any CPU
		{F395D6E7-5CDD-413D-844A-87F819207FD5}.Debug|Any CPU.ActiveCfg = Debug|Any CPU
		{F395D6E7-5CDD-413D-844A-87F819207FD5}.Debug|Any CPU.Build.0 = Debug|Any CPU
		{F395D6E7-5CDD-413D-844A-87F819207FD5}.Release|Any CPU.ActiveCfg = Release|Any CPU
		{F395D6E7-5CDD-413D-844A-87F819207FD5}.Release|Any CPU.Build.0 = Release|Any CPU
		{8551AC41-52CA-426D-B5DD-BADA44212EAE}.Debug|Any CPU.ActiveCfg = Debug|Any CPU
		{8551AC41-52CA-426D-B5DD-BADA44212EAE}.Debug|Any CPU.Build.0 = Debug|Any CPU
		{8551AC41-52CA-426D-B5DD-BADA44212EAE}.Release|Any CPU.ActiveCfg = Release|Any CPU
		{8551AC41-52CA-426D-B5DD-BADA44212EAE}.Release|Any CPU.Build.0 = Release|Any CPU
		{5FCA1B8C-99FD-40F5-A82C-F01EBD35D7BB}.Debug|Any CPU.ActiveCfg = Debug|Any CPU
		{5FCA1B8C-99FD-40F5-A82C-F01EBD35D7BB}.Debug|Any CPU.Build.0 = Debug|Any CPU
		{5FCA1B8C-99FD-40F5-A82C-F01EBD35D7BB}.Release|Any CPU.ActiveCfg = Release|Any CPU
		{5FCA1B8C-99FD-40F5-A82C-F01EBD35D7BB}.Release|Any CPU.Build.0 = Release|Any CPU
		{CE60F085-7B59-44FA-8F4F-741F6F8A5A55}.Debug|Any CPU.ActiveCfg = Debug|Any CPU
		{CE60F085-7B59-44FA-8F4F-741F6F8A5A55}.Debug|Any CPU.Build.0 = Debug|Any CPU
		{CE60F085-7B59-44FA-8F4F-741F6F8A5A55}.Release|Any CPU.ActiveCfg = Release|Any CPU
		{CE60F085-7B59-44FA-8F4F-741F6F8A5A55}.Release|Any CPU.Build.0 = Release|Any CPU
		{BD80FB1D-1C64-442C-88E6-63782B00089A}.Debug|Any CPU.ActiveCfg = Debug|Any CPU
		{BD80FB1D-1C64-442C-88E6-63782B00089A}.Debug|Any CPU.Build.0 = Debug|Any CPU
		{BD80FB1D-1C64-442C-88E6-63782B00089A}.Release|Any CPU.ActiveCfg = Release|Any CPU
		{BD80FB1D-1C64-442C-88E6-63782B00089A}.Release|Any CPU.Build.0 = Release|Any CPU
		{701E8A49-0FAE-49B3-AC20-9152A31BC3AD}.Debug|Any CPU.ActiveCfg = Debug|Any CPU
		{701E8A49-0FAE-49B3-AC20-9152A31BC3AD}.Debug|Any CPU.Build.0 = Debug|Any CPU
		{701E8A49-0FAE-49B3-AC20-9152A31BC3AD}.Release|Any CPU.ActiveCfg = Release|Any CPU
		{701E8A49-0FAE-49B3-AC20-9152A31BC3AD}.Release|Any CPU.Build.0 = Release|Any CPU
		{DD1C6130-F828-4F88-8DA6-7719EA24022E}.Debug|Any CPU.ActiveCfg = Debug|Any CPU
		{DD1C6130-F828-4F88-8DA6-7719EA24022E}.Debug|Any CPU.Build.0 = Debug|Any CPU
		{DD1C6130-F828-4F88-8DA6-7719EA24022E}.Release|Any CPU.ActiveCfg = Release|Any CPU
		{DD1C6130-F828-4F88-8DA6-7719EA24022E}.Release|Any CPU.Build.0 = Release|Any CPU
		{9B052925-A182-4ABA-8839-B38C442B600F}.Debug|Any CPU.ActiveCfg = Debug|Any CPU
		{9B052925-A182-4ABA-8839-B38C442B600F}.Debug|Any CPU.Build.0 = Debug|Any CPU
		{9B052925-A182-4ABA-8839-B38C442B600F}.Release|Any CPU.ActiveCfg = Release|Any CPU
		{9B052925-A182-4ABA-8839-B38C442B600F}.Release|Any CPU.Build.0 = Release|Any CPU
		{6C0A7990-22B3-4D9E-B4F5-10ED2D73B734}.Debug|Any CPU.ActiveCfg = Debug|Any CPU
		{6C0A7990-22B3-4D9E-B4F5-10ED2D73B734}.Debug|Any CPU.Build.0 = Debug|Any CPU
		{6C0A7990-22B3-4D9E-B4F5-10ED2D73B734}.Release|Any CPU.ActiveCfg = Release|Any CPU
		{6C0A7990-22B3-4D9E-B4F5-10ED2D73B734}.Release|Any CPU.Build.0 = Release|Any CPU
		{BA40F2EC-A621-40A4-B572-A87B6EF53499}.Debug|Any CPU.ActiveCfg = Debug|Any CPU
		{BA40F2EC-A621-40A4-B572-A87B6EF53499}.Debug|Any CPU.Build.0 = Debug|Any CPU
		{BA40F2EC-A621-40A4-B572-A87B6EF53499}.Release|Any CPU.ActiveCfg = Release|Any CPU
		{BA40F2EC-A621-40A4-B572-A87B6EF53499}.Release|Any CPU.Build.0 = Release|Any CPU
		{30F73798-33D8-4506-9FCC-244E4BA298CA}.Debug|Any CPU.ActiveCfg = Debug|Any CPU
		{30F73798-33D8-4506-9FCC-244E4BA298CA}.Debug|Any CPU.Build.0 = Debug|Any CPU
		{30F73798-33D8-4506-9FCC-244E4BA298CA}.Release|Any CPU.ActiveCfg = Release|Any CPU
		{30F73798-33D8-4506-9FCC-244E4BA298CA}.Release|Any CPU.Build.0 = Release|Any CPU
	EndGlobalSection
	GlobalSection(SolutionProperties) = preSolution
		HideSolutionNode = FALSE
	EndGlobalSection
EndGlobal
